// !$*UTF8*$!
{
	archiveVersion = 1;
	classes = {
	};
	objectVersion = 55;
	objects = {

/* Begin PBXBuildFile section */
		76842B8562531F212B08250D /* Pods_Flix_FlixUITests.framework in Frameworks */ = {isa = PBXBuildFile; fileRef = F16F2A6132D78051C648A43A /* Pods_Flix_FlixUITests.framework */; };
		AE3952BD27CD40D600036289 /* Moviedetailsiewcontroller.swift in Sources */ = {isa = PBXBuildFile; fileRef = AE3952BC27CD40D600036289 /* Moviedetailsiewcontroller.swift */; };
		AE3952BF27D5CC7B00036289 /* moviegridViewController.swift in Sources */ = {isa = PBXBuildFile; fileRef = AE3952BE27D5CC7B00036289 /* moviegridViewController.swift */; };
		AE3952C127D5CF3F00036289 /* MoviegridCell.swift in Sources */ = {isa = PBXBuildFile; fileRef = AE3952C027D5CF3F00036289 /* MoviegridCell.swift */; };
		AE3DCBB727C9DDFE00B2B865 /* AppDelegate.swift in Sources */ = {isa = PBXBuildFile; fileRef = AE3DCBB627C9DDFE00B2B865 /* AppDelegate.swift */; };
		AE3DCBB927C9DDFE00B2B865 /* SceneDelegate.swift in Sources */ = {isa = PBXBuildFile; fileRef = AE3DCBB827C9DDFE00B2B865 /* SceneDelegate.swift */; };
		AE3DCBBB27C9DDFE00B2B865 /* ViewController.swift in Sources */ = {isa = PBXBuildFile; fileRef = AE3DCBBA27C9DDFE00B2B865 /* ViewController.swift */; };
		AE3DCBBE27C9DDFE00B2B865 /* Main.storyboard in Resources */ = {isa = PBXBuildFile; fileRef = AE3DCBBC27C9DDFE00B2B865 /* Main.storyboard */; };
		AE3DCBC027C9DDFF00B2B865 /* Assets.xcassets in Resources */ = {isa = PBXBuildFile; fileRef = AE3DCBBF27C9DDFF00B2B865 /* Assets.xcassets */; };
		AE3DCBC327C9DDFF00B2B865 /* LaunchScreen.storyboard in Resources */ = {isa = PBXBuildFile; fileRef = AE3DCBC127C9DDFF00B2B865 /* LaunchScreen.storyboard */; };
		AE3DCBCE27C9DE0000B2B865 /* FlixTests.swift in Sources */ = {isa = PBXBuildFile; fileRef = AE3DCBCD27C9DE0000B2B865 /* FlixTests.swift */; };
		AE3DCBD827C9DE0000B2B865 /* FlixUITests.swift in Sources */ = {isa = PBXBuildFile; fileRef = AE3DCBD727C9DE0000B2B865 /* FlixUITests.swift */; };
		AE3DCBDA27C9DE0000B2B865 /* FlixUITestsLaunchTests.swift in Sources */ = {isa = PBXBuildFile; fileRef = AE3DCBD927C9DE0000B2B865 /* FlixUITestsLaunchTests.swift */; };
		AE3DCBE927C9F74700B2B865 /* MoviecellTableViewCell.swift in Sources */ = {isa = PBXBuildFile; fileRef = AE3DCBE827C9F74700B2B865 /* MoviecellTableViewCell.swift */; };
		AE3DCBEC27C9FC9000B2B865 /* AlamofireImage in Frameworks */ = {isa = PBXBuildFile; productRef = AE3DCBEB27C9FC9000B2B865 /* AlamofireImage */; };
		C235A066E2463E13A1ADBD43 /* Pods_Flix.framework in Frameworks */ = {isa = PBXBuildFile; fileRef = 6C9D3F27003E9D20069D6194 /* Pods_Flix.framework */; };
		F8BC813028F5B546708C72E2 /* Pods_FlixTests.framework in Frameworks */ = {isa = PBXBuildFile; fileRef = F9620F823357218B1B6ECA03 /* Pods_FlixTests.framework */; };
/* End PBXBuildFile section */

/* Begin PBXContainerItemProxy section */
		AE3DCBCA27C9DE0000B2B865 /* PBXContainerItemProxy */ = {
			isa = PBXContainerItemProxy;
			containerPortal = AE3DCBAB27C9DDFE00B2B865 /* Project object */;
			proxyType = 1;
			remoteGlobalIDString = AE3DCBB227C9DDFE00B2B865;
			remoteInfo = Flix;
		};
		AE3DCBD427C9DE0000B2B865 /* PBXContainerItemProxy */ = {
			isa = PBXContainerItemProxy;
			containerPortal = AE3DCBAB27C9DDFE00B2B865 /* Project object */;
			proxyType = 1;
			remoteGlobalIDString = AE3DCBB227C9DDFE00B2B865;
			remoteInfo = Flix;
		};
/* End PBXContainerItemProxy section */

/* Begin PBXFileReference section */
		514192877206638F4CA973AE /* Pods-FlixTests.debug.xcconfig */ = {isa = PBXFileReference; includeInIndex = 1; lastKnownFileType = text.xcconfig; name = "Pods-FlixTests.debug.xcconfig"; path = "Target Support Files/Pods-FlixTests/Pods-FlixTests.debug.xcconfig"; sourceTree = "<group>"; };
		6C9D3F27003E9D20069D6194 /* Pods_Flix.framework */ = {isa = PBXFileReference; explicitFileType = wrapper.framework; includeInIndex = 0; path = Pods_Flix.framework; sourceTree = BUILT_PRODUCTS_DIR; };
		76A8955F0E1E74CE1344C5B6 /* Pods-Flix-FlixUITests.release.xcconfig */ = {isa = PBXFileReference; includeInIndex = 1; lastKnownFileType = text.xcconfig; name = "Pods-Flix-FlixUITests.release.xcconfig"; path = "Target Support Files/Pods-Flix-FlixUITests/Pods-Flix-FlixUITests.release.xcconfig"; sourceTree = "<group>"; };
		8AB3A3B373D35197A2478282 /* Pods-Flix.release.xcconfig */ = {isa = PBXFileReference; includeInIndex = 1; lastKnownFileType = text.xcconfig; name = "Pods-Flix.release.xcconfig"; path = "Target Support Files/Pods-Flix/Pods-Flix.release.xcconfig"; sourceTree = "<group>"; };
		A120C9D0C05740937CAC2860 /* Pods-Flix.debug.xcconfig */ = {isa = PBXFileReference; includeInIndex = 1; lastKnownFileType = text.xcconfig; name = "Pods-Flix.debug.xcconfig"; path = "Target Support Files/Pods-Flix/Pods-Flix.debug.xcconfig"; sourceTree = "<group>"; };
		AE3952BC27CD40D600036289 /* Moviedetailsiewcontroller.swift */ = {isa = PBXFileReference; lastKnownFileType = sourcecode.swift; path = Moviedetailsiewcontroller.swift; sourceTree = "<group>"; };
		AE3952BE27D5CC7B00036289 /* moviegridViewController.swift */ = {isa = PBXFileReference; lastKnownFileType = sourcecode.swift; path = moviegridViewController.swift; sourceTree = "<group>"; };
		AE3952C027D5CF3F00036289 /* MoviegridCell.swift */ = {isa = PBXFileReference; lastKnownFileType = sourcecode.swift; path = MoviegridCell.swift; sourceTree = "<group>"; };
		AE3DCBB327C9DDFE00B2B865 /* Flix.app */ = {isa = PBXFileReference; explicitFileType = wrapper.application; includeInIndex = 0; path = Flix.app; sourceTree = BUILT_PRODUCTS_DIR; };
		AE3DCBB627C9DDFE00B2B865 /* AppDelegate.swift */ = {isa = PBXFileReference; lastKnownFileType = sourcecode.swift; path = AppDelegate.swift; sourceTree = "<group>"; };
		AE3DCBB827C9DDFE00B2B865 /* SceneDelegate.swift */ = {isa = PBXFileReference; lastKnownFileType = sourcecode.swift; path = SceneDelegate.swift; sourceTree = "<group>"; };
		AE3DCBBA27C9DDFE00B2B865 /* ViewController.swift */ = {isa = PBXFileReference; lastKnownFileType = sourcecode.swift; path = ViewController.swift; sourceTree = "<group>"; };
		AE3DCBBD27C9DDFE00B2B865 /* Base */ = {isa = PBXFileReference; lastKnownFileType = file.storyboard; name = Base; path = Base.lproj/Main.storyboard; sourceTree = "<group>"; };
		AE3DCBBF27C9DDFF00B2B865 /* Assets.xcassets */ = {isa = PBXFileReference; lastKnownFileType = folder.assetcatalog; path = Assets.xcassets; sourceTree = "<group>"; };
		AE3DCBC227C9DDFF00B2B865 /* Base */ = {isa = PBXFileReference; lastKnownFileType = file.storyboard; name = Base; path = Base.lproj/LaunchScreen.storyboard; sourceTree = "<group>"; };
		AE3DCBC427C9DDFF00B2B865 /* Info.plist */ = {isa = PBXFileReference; lastKnownFileType = text.plist.xml; path = Info.plist; sourceTree = "<group>"; };
		AE3DCBC927C9DE0000B2B865 /* FlixTests.xctest */ = {isa = PBXFileReference; explicitFileType = wrapper.cfbundle; includeInIndex = 0; path = FlixTests.xctest; sourceTree = BUILT_PRODUCTS_DIR; };
		AE3DCBCD27C9DE0000B2B865 /* FlixTests.swift */ = {isa = PBXFileReference; lastKnownFileType = sourcecode.swift; path = FlixTests.swift; sourceTree = "<group>"; };
		AE3DCBD327C9DE0000B2B865 /* FlixUITests.xctest */ = {isa = PBXFileReference; explicitFileType = wrapper.cfbundle; includeInIndex = 0; path = FlixUITests.xctest; sourceTree = BUILT_PRODUCTS_DIR; };
		AE3DCBD727C9DE0000B2B865 /* FlixUITests.swift */ = {isa = PBXFileReference; lastKnownFileType = sourcecode.swift; path = FlixUITests.swift; sourceTree = "<group>"; };
		AE3DCBD927C9DE0000B2B865 /* FlixUITestsLaunchTests.swift */ = {isa = PBXFileReference; lastKnownFileType = sourcecode.swift; path = FlixUITestsLaunchTests.swift; sourceTree = "<group>"; };
		AE3DCBE827C9F74700B2B865 /* MoviecellTableViewCell.swift */ = {isa = PBXFileReference; lastKnownFileType = sourcecode.swift; path = MoviecellTableViewCell.swift; sourceTree = "<group>"; };
		B4A81C5274181D97C59683D6 /* Pods-Flix-FlixUITests.debug.xcconfig */ = {isa = PBXFileReference; includeInIndex = 1; lastKnownFileType = text.xcconfig; name = "Pods-Flix-FlixUITests.debug.xcconfig"; path = "Target Support Files/Pods-Flix-FlixUITests/Pods-Flix-FlixUITests.debug.xcconfig"; sourceTree = "<group>"; };
		D3F64165CBF6886C917FCCBA /* Pods-FlixTests.release.xcconfig */ = {isa = PBXFileReference; includeInIndex = 1; lastKnownFileType = text.xcconfig; name = "Pods-FlixTests.release.xcconfig"; path = "Target Support Files/Pods-FlixTests/Pods-FlixTests.release.xcconfig"; sourceTree = "<group>"; };
		F16F2A6132D78051C648A43A /* Pods_Flix_FlixUITests.framework */ = {isa = PBXFileReference; explicitFileType = wrapper.framework; includeInIndex = 0; path = Pods_Flix_FlixUITests.framework; sourceTree = BUILT_PRODUCTS_DIR; };
		F9620F823357218B1B6ECA03 /* Pods_FlixTests.framework */ = {isa = PBXFileReference; explicitFileType = wrapper.framework; includeInIndex = 0; path = Pods_FlixTests.framework; sourceTree = BUILT_PRODUCTS_DIR; };
/* End PBXFileReference section */

/* Begin PBXFrameworksBuildPhase section */
		AE3DCBB027C9DDFE00B2B865 /* Frameworks */ = {
			isa = PBXFrameworksBuildPhase;
			buildActionMask = 2147483647;
			files = (
				AE3DCBEC27C9FC9000B2B865 /* AlamofireImage in Frameworks */,
				C235A066E2463E13A1ADBD43 /* Pods_Flix.framework in Frameworks */,
			);
			runOnlyForDeploymentPostprocessing = 0;
		};
		AE3DCBC627C9DE0000B2B865 /* Frameworks */ = {
			isa = PBXFrameworksBuildPhase;
			buildActionMask = 2147483647;
			files = (
				F8BC813028F5B546708C72E2 /* Pods_FlixTests.framework in Frameworks */,
			);
			runOnlyForDeploymentPostprocessing = 0;
		};
		AE3DCBD027C9DE0000B2B865 /* Frameworks */ = {
			isa = PBXFrameworksBuildPhase;
			buildActionMask = 2147483647;
			files = (
				76842B8562531F212B08250D /* Pods_Flix_FlixUITests.framework in Frameworks */,
			);
			runOnlyForDeploymentPostprocessing = 0;
		};
/* End PBXFrameworksBuildPhase section */

/* Begin PBXGroup section */
		6E945F02CCA39218BBE1BE93 /* Pods */ = {
			isa = PBXGroup;
			children = (
				A120C9D0C05740937CAC2860 /* Pods-Flix.debug.xcconfig */,
				8AB3A3B373D35197A2478282 /* Pods-Flix.release.xcconfig */,
				B4A81C5274181D97C59683D6 /* Pods-Flix-FlixUITests.debug.xcconfig */,
				76A8955F0E1E74CE1344C5B6 /* Pods-Flix-FlixUITests.release.xcconfig */,
				514192877206638F4CA973AE /* Pods-FlixTests.debug.xcconfig */,
				D3F64165CBF6886C917FCCBA /* Pods-FlixTests.release.xcconfig */,
			);
			path = Pods;
			sourceTree = "<group>";
		};
		879913BF21B0178E2BE7B534 /* Frameworks */ = {
			isa = PBXGroup;
			children = (
				6C9D3F27003E9D20069D6194 /* Pods_Flix.framework */,
				F16F2A6132D78051C648A43A /* Pods_Flix_FlixUITests.framework */,
				F9620F823357218B1B6ECA03 /* Pods_FlixTests.framework */,
			);
			name = Frameworks;
			sourceTree = "<group>";
		};
		AE3DCBAA27C9DDFE00B2B865 = {
			isa = PBXGroup;
			children = (
				AE3DCBB527C9DDFE00B2B865 /* Flix */,
				AE3DCBCC27C9DE0000B2B865 /* FlixTests */,
				AE3DCBD627C9DE0000B2B865 /* FlixUITests */,
				AE3DCBB427C9DDFE00B2B865 /* Products */,
				6E945F02CCA39218BBE1BE93 /* Pods */,
				879913BF21B0178E2BE7B534 /* Frameworks */,
			);
			sourceTree = "<group>";
		};
		AE3DCBB427C9DDFE00B2B865 /* Products */ = {
			isa = PBXGroup;
			children = (
				AE3DCBB327C9DDFE00B2B865 /* Flix.app */,
				AE3DCBC927C9DE0000B2B865 /* FlixTests.xctest */,
				AE3DCBD327C9DE0000B2B865 /* FlixUITests.xctest */,
			);
			name = Products;
			sourceTree = "<group>";
		};
		AE3DCBB527C9DDFE00B2B865 /* Flix */ = {
			isa = PBXGroup;
			children = (
				AE3DCBB627C9DDFE00B2B865 /* AppDelegate.swift */,
				AE3DCBB827C9DDFE00B2B865 /* SceneDelegate.swift */,
				AE3DCBBC27C9DDFE00B2B865 /* Main.storyboard */,
				AE3DCBE827C9F74700B2B865 /* MoviecellTableViewCell.swift */,
				AE3DCBBF27C9DDFF00B2B865 /* Assets.xcassets */,
				AE3DCBC127C9DDFF00B2B865 /* LaunchScreen.storyboard */,
				AE3DCBC427C9DDFF00B2B865 /* Info.plist */,
				AE3DCBBA27C9DDFE00B2B865 /* ViewController.swift */,
				AE3952BC27CD40D600036289 /* Moviedetailsiewcontroller.swift */,
				AE3952BE27D5CC7B00036289 /* moviegridViewController.swift */,
				AE3952C027D5CF3F00036289 /* MoviegridCell.swift */,
			);
			path = Flix;
			sourceTree = "<group>";
		};
		AE3DCBCC27C9DE0000B2B865 /* FlixTests */ = {
			isa = PBXGroup;
			children = (
				AE3DCBCD27C9DE0000B2B865 /* FlixTests.swift */,
			);
			path = FlixTests;
			sourceTree = "<group>";
		};
		AE3DCBD627C9DE0000B2B865 /* FlixUITests */ = {
			isa = PBXGroup;
			children = (
				AE3DCBD727C9DE0000B2B865 /* FlixUITests.swift */,
				AE3DCBD927C9DE0000B2B865 /* FlixUITestsLaunchTests.swift */,
			);
			path = FlixUITests;
			sourceTree = "<group>";
		};
/* End PBXGroup section */

/* Begin PBXNativeTarget section */
		AE3DCBB227C9DDFE00B2B865 /* Flix */ = {
			isa = PBXNativeTarget;
			buildConfigurationList = AE3DCBDD27C9DE0000B2B865 /* Build configuration list for PBXNativeTarget "Flix" */;
			buildPhases = (
				4BDFF9DF8F98FA362DBCC5D3 /* [CP] Check Pods Manifest.lock */,
				AE3DCBAF27C9DDFE00B2B865 /* Sources */,
				AE3DCBB027C9DDFE00B2B865 /* Frameworks */,
				AE3DCBB127C9DDFE00B2B865 /* Resources */,
				4D944547E4665563862DD650 /* [CP] Embed Pods Frameworks */,
			);
			buildRules = (
			);
			dependencies = (
			);
			name = Flix;
			packageProductDependencies = (
				AE3DCBEB27C9FC9000B2B865 /* AlamofireImage */,
			);
			productName = Flix;
			productReference = AE3DCBB327C9DDFE00B2B865 /* Flix.app */;
			productType = "com.apple.product-type.application";
		};
		AE3DCBC827C9DE0000B2B865 /* FlixTests */ = {
			isa = PBXNativeTarget;
			buildConfigurationList = AE3DCBE027C9DE0000B2B865 /* Build configuration list for PBXNativeTarget "FlixTests" */;
			buildPhases = (
				CB42C2CA71748B3967E74F33 /* [CP] Check Pods Manifest.lock */,
				AE3DCBC527C9DE0000B2B865 /* Sources */,
				AE3DCBC627C9DE0000B2B865 /* Frameworks */,
				AE3DCBC727C9DE0000B2B865 /* Resources */,
			);
			buildRules = (
			);
			dependencies = (
				AE3DCBCB27C9DE0000B2B865 /* PBXTargetDependency */,
			);
			name = FlixTests;
			productName = FlixTests;
			productReference = AE3DCBC927C9DE0000B2B865 /* FlixTests.xctest */;
			productType = "com.apple.product-type.bundle.unit-test";
		};
		AE3DCBD227C9DE0000B2B865 /* FlixUITests */ = {
			isa = PBXNativeTarget;
			buildConfigurationList = AE3DCBE327C9DE0000B2B865 /* Build configuration list for PBXNativeTarget "FlixUITests" */;
			buildPhases = (
				96692E9B9710319951838AC5 /* [CP] Check Pods Manifest.lock */,
				AE3DCBCF27C9DE0000B2B865 /* Sources */,
				AE3DCBD027C9DE0000B2B865 /* Frameworks */,
				AE3DCBD127C9DE0000B2B865 /* Resources */,
				535C76D7D1A6F7B7B1342939 /* [CP] Embed Pods Frameworks */,
			);
			buildRules = (
			);
			dependencies = (
				AE3DCBD527C9DE0000B2B865 /* PBXTargetDependency */,
			);
			name = FlixUITests;
			productName = FlixUITests;
			productReference = AE3DCBD327C9DE0000B2B865 /* FlixUITests.xctest */;
			productType = "com.apple.product-type.bundle.ui-testing";
		};
/* End PBXNativeTarget section */

/* Begin PBXProject section */
		AE3DCBAB27C9DDFE00B2B865 /* Project object */ = {
			isa = PBXProject;
			attributes = {
				BuildIndependentTargetsInParallel = 1;
				LastSwiftUpdateCheck = 1320;
				LastUpgradeCheck = 1320;
				TargetAttributes = {
					AE3DCBB227C9DDFE00B2B865 = {
						CreatedOnToolsVersion = 13.2.1;
					};
					AE3DCBC827C9DE0000B2B865 = {
						CreatedOnToolsVersion = 13.2.1;
						TestTargetID = AE3DCBB227C9DDFE00B2B865;
					};
					AE3DCBD227C9DE0000B2B865 = {
						CreatedOnToolsVersion = 13.2.1;
						TestTargetID = AE3DCBB227C9DDFE00B2B865;
					};
				};
			};
			buildConfigurationList = AE3DCBAE27C9DDFE00B2B865 /* Build configuration list for PBXProject "Flix" */;
			compatibilityVersion = "Xcode 13.0";
			developmentRegion = en;
			hasScannedForEncodings = 0;
			knownRegions = (
				en,
				Base,
			);
			mainGroup = AE3DCBAA27C9DDFE00B2B865;
			packageReferences = (
				AE3DCBEA27C9FC9000B2B865 /* XCRemoteSwiftPackageReference "AlamofireImage" */,
			);
			productRefGroup = AE3DCBB427C9DDFE00B2B865 /* Products */;
			projectDirPath = "";
			projectRoot = "";
			targets = (
				AE3DCBB227C9DDFE00B2B865 /* Flix */,
				AE3DCBC827C9DE0000B2B865 /* FlixTests */,
				AE3DCBD227C9DE0000B2B865 /* FlixUITests */,
			);
		};
/* End PBXProject section */

/* Begin PBXResourcesBuildPhase section */
		AE3DCBB127C9DDFE00B2B865 /* Resources */ = {
			isa = PBXResourcesBuildPhase;
			buildActionMask = 2147483647;
			files = (
				AE3DCBC327C9DDFF00B2B865 /* LaunchScreen.storyboard in Resources */,
				AE3DCBC027C9DDFF00B2B865 /* Assets.xcassets in Resources */,
				AE3DCBBE27C9DDFE00B2B865 /* Main.storyboard in Resources */,
			);
			runOnlyForDeploymentPostprocessing = 0;
		};
		AE3DCBC727C9DE0000B2B865 /* Resources */ = {
			isa = PBXResourcesBuildPhase;
			buildActionMask = 2147483647;
			files = (
			);
			runOnlyForDeploymentPostprocessing = 0;
		};
		AE3DCBD127C9DE0000B2B865 /* Resources */ = {
			isa = PBXResourcesBuildPhase;
			buildActionMask = 2147483647;
			files = (
			);
			runOnlyForDeploymentPostprocessing = 0;
		};
/* End PBXResourcesBuildPhase section */

/* Begin PBXShellScriptBuildPhase section */
		4BDFF9DF8F98FA362DBCC5D3 /* [CP] Check Pods Manifest.lock */ = {
			isa = PBXShellScriptBuildPhase;
			buildActionMask = 2147483647;
			files = (
			);
			inputFileListPaths = (
			);
			inputPaths = (
				"${PODS_PODFILE_DIR_PATH}/Podfile.lock",
				"${PODS_ROOT}/Manifest.lock",
			);
			name = "[CP] Check Pods Manifest.lock";
			outputFileListPaths = (
			);
			outputPaths = (
				"$(DERIVED_FILE_DIR)/Pods-Flix-checkManifestLockResult.txt",
			);
			runOnlyForDeploymentPostprocessing = 0;
			shellPath = /bin/sh;
			shellScript = "diff \"${PODS_PODFILE_DIR_PATH}/Podfile.lock\" \"${PODS_ROOT}/Manifest.lock\" > /dev/null\nif [ $? != 0 ] ; then\n    # print error to STDERR\n    echo \"error: The sandbox is not in sync with the Podfile.lock. Run 'pod install' or update your CocoaPods installation.\" >&2\n    exit 1\nfi\n# This output is used by Xcode 'outputs' to avoid re-running this script phase.\necho \"SUCCESS\" > \"${SCRIPT_OUTPUT_FILE_0}\"\n";
			showEnvVarsInLog = 0;
		};
		4D944547E4665563862DD650 /* [CP] Embed Pods Frameworks */ = {
			isa = PBXShellScriptBuildPhase;
			buildActionMask = 2147483647;
			files = (
			);
			inputFileListPaths = (
				"${PODS_ROOT}/Target Support Files/Pods-Flix/Pods-Flix-frameworks-${CONFIGURATION}-input-files.xcfilelist",
			);
			name = "[CP] Embed Pods Frameworks";
			outputFileListPaths = (
				"${PODS_ROOT}/Target Support Files/Pods-Flix/Pods-Flix-frameworks-${CONFIGURATION}-output-files.xcfilelist",
			);
			runOnlyForDeploymentPostprocessing = 0;
			shellPath = /bin/sh;
			shellScript = "\"${PODS_ROOT}/Target Support Files/Pods-Flix/Pods-Flix-frameworks.sh\"\n";
			showEnvVarsInLog = 0;
		};
		535C76D7D1A6F7B7B1342939 /* [CP] Embed Pods Frameworks */ = {
			isa = PBXShellScriptBuildPhase;
			buildActionMask = 2147483647;
			files = (
			);
			inputFileListPaths = (
				"${PODS_ROOT}/Target Support Files/Pods-Flix-FlixUITests/Pods-Flix-FlixUITests-frameworks-${CONFIGURATION}-input-files.xcfilelist",
			);
			name = "[CP] Embed Pods Frameworks";
			outputFileListPaths = (
				"${PODS_ROOT}/Target Support Files/Pods-Flix-FlixUITests/Pods-Flix-FlixUITests-frameworks-${CONFIGURATION}-output-files.xcfilelist",
			);
			runOnlyForDeploymentPostprocessing = 0;
			shellPath = /bin/sh;
			shellScript = "\"${PODS_ROOT}/Target Support Files/Pods-Flix-FlixUITests/Pods-Flix-FlixUITests-frameworks.sh\"\n";
			showEnvVarsInLog = 0;
		};
		96692E9B9710319951838AC5 /* [CP] Check Pods Manifest.lock */ = {
			isa = PBXShellScriptBuildPhase;
			buildActionMask = 2147483647;
			files = (
			);
			inputFileListPaths = (
			);
			inputPaths = (
				"${PODS_PODFILE_DIR_PATH}/Podfile.lock",
				"${PODS_ROOT}/Manifest.lock",
			);
			name = "[CP] Check Pods Manifest.lock";
			outputFileListPaths = (
			);
			outputPaths = (
				"$(DERIVED_FILE_DIR)/Pods-Flix-FlixUITests-checkManifestLockResult.txt",
			);
			runOnlyForDeploymentPostprocessing = 0;
			shellPath = /bin/sh;
			shellScript = "diff \"${PODS_PODFILE_DIR_PATH}/Podfile.lock\" \"${PODS_ROOT}/Manifest.lock\" > /dev/null\nif [ $? != 0 ] ; then\n    # print error to STDERR\n    echo \"error: The sandbox is not in sync with the Podfile.lock. Run 'pod install' or update your CocoaPods installation.\" >&2\n    exit 1\nfi\n# This output is used by Xcode 'outputs' to avoid re-running this script phase.\necho \"SUCCESS\" > \"${SCRIPT_OUTPUT_FILE_0}\"\n";
			showEnvVarsInLog = 0;
		};
		CB42C2CA71748B3967E74F33 /* [CP] Check Pods Manifest.lock */ = {
			isa = PBXShellScriptBuildPhase;
			buildActionMask = 2147483647;
			files = (
			);
			inputFileListPaths = (
			);
			inputPaths = (
				"${PODS_PODFILE_DIR_PATH}/Podfile.lock",
				"${PODS_ROOT}/Manifest.lock",
			);
			name = "[CP] Check Pods Manifest.lock";
			outputFileListPaths = (
			);
			outputPaths = (
				"$(DERIVED_FILE_DIR)/Pods-FlixTests-checkManifestLockResult.txt",
			);
			runOnlyForDeploymentPostprocessing = 0;
			shellPath = /bin/sh;
			shellScript = "diff \"${PODS_PODFILE_DIR_PATH}/Podfile.lock\" \"${PODS_ROOT}/Manifest.lock\" > /dev/null\nif [ $? != 0 ] ; then\n    # print error to STDERR\n    echo \"error: The sandbox is not in sync with the Podfile.lock. Run 'pod install' or update your CocoaPods installation.\" >&2\n    exit 1\nfi\n# This output is used by Xcode 'outputs' to avoid re-running this script phase.\necho \"SUCCESS\" > \"${SCRIPT_OUTPUT_FILE_0}\"\n";
			showEnvVarsInLog = 0;
		};
/* End PBXShellScriptBuildPhase section */

/* Begin PBXSourcesBuildPhase section */
		AE3DCBAF27C9DDFE00B2B865 /* Sources */ = {
			isa = PBXSourcesBuildPhase;
			buildActionMask = 2147483647;
			files = (
				AE3DCBBB27C9DDFE00B2B865 /* ViewController.swift in Sources */,
				AE3952BF27D5CC7B00036289 /* moviegridViewController.swift in Sources */,
				AE3952C127D5CF3F00036289 /* MoviegridCell.swift in Sources */,
				AE3DCBB727C9DDFE00B2B865 /* AppDelegate.swift in Sources */,
				AE3DCBE927C9F74700B2B865 /* MoviecellTableViewCell.swift in Sources */,
				AE3952BD27CD40D600036289 /* Moviedetailsiewcontroller.swift in Sources */,
				AE3DCBB927C9DDFE00B2B865 /* SceneDelegate.swift in Sources */,
			);
			runOnlyForDeploymentPostprocessing = 0;
		};
		AE3DCBC527C9DE0000B2B865 /* Sources */ = {
			isa = PBXSourcesBuildPhase;
			buildActionMask = 2147483647;
			files = (
				AE3DCBCE27C9DE0000B2B865 /* FlixTests.swift in Sources */,
			);
			runOnlyForDeploymentPostprocessing = 0;
		};
		AE3DCBCF27C9DE0000B2B865 /* Sources */ = {
			isa = PBXSourcesBuildPhase;
			buildActionMask = 2147483647;
			files = (
				AE3DCBD827C9DE0000B2B865 /* FlixUITests.swift in Sources */,
				AE3DCBDA27C9DE0000B2B865 /* FlixUITestsLaunchTests.swift in Sources */,
			);
			runOnlyForDeploymentPostprocessing = 0;
		};
/* End PBXSourcesBuildPhase section */

/* Begin PBXTargetDependency section */
		AE3DCBCB27C9DE0000B2B865 /* PBXTargetDependency */ = {
			isa = PBXTargetDependency;
			target = AE3DCBB227C9DDFE00B2B865 /* Flix */;
			targetProxy = AE3DCBCA27C9DE0000B2B865 /* PBXContainerItemProxy */;
		};
		AE3DCBD527C9DE0000B2B865 /* PBXTargetDependency */ = {
			isa = PBXTargetDependency;
			target = AE3DCBB227C9DDFE00B2B865 /* Flix */;
			targetProxy = AE3DCBD427C9DE0000B2B865 /* PBXContainerItemProxy */;
		};
/* End PBXTargetDependency section */

/* Begin PBXVariantGroup section */
		AE3DCBBC27C9DDFE00B2B865 /* Main.storyboard */ = {
			isa = PBXVariantGroup;
			children = (
				AE3DCBBD27C9DDFE00B2B865 /* Base */,
			);
			name = Main.storyboard;
			sourceTree = "<group>";
		};
		AE3DCBC127C9DDFF00B2B865 /* LaunchScreen.storyboard */ = {
			isa = PBXVariantGroup;
			children = (
				AE3DCBC227C9DDFF00B2B865 /* Base */,
			);
			name = LaunchScreen.storyboard;
			sourceTree = "<group>";
		};
/* End PBXVariantGroup section */

/* Begin XCBuildConfiguration section */
		AE3DCBDB27C9DE0000B2B865 /* Debug */ = {
			isa = XCBuildConfiguration;
			buildSettings = {
				ALWAYS_SEARCH_USER_PATHS = NO;
				CLANG_ANALYZER_NONNULL = YES;
				CLANG_ANALYZER_NUMBER_OBJECT_CONVERSION = YES_AGGRESSIVE;
				CLANG_CXX_LANGUAGE_STANDARD = "gnu++17";
				CLANG_CXX_LIBRARY = "libc++";
				CLANG_ENABLE_MODULES = YES;
				CLANG_ENABLE_OBJC_ARC = YES;
				CLANG_ENABLE_OBJC_WEAK = YES;
				CLANG_WARN_BLOCK_CAPTURE_AUTORELEASING = YES;
				CLANG_WARN_BOOL_CONVERSION = YES;
				CLANG_WARN_COMMA = YES;
				CLANG_WARN_CONSTANT_CONVERSION = YES;
				CLANG_WARN_DEPRECATED_OBJC_IMPLEMENTATIONS = YES;
				CLANG_WARN_DIRECT_OBJC_ISA_USAGE = YES_ERROR;
				CLANG_WARN_DOCUMENTATION_COMMENTS = YES;
				CLANG_WARN_EMPTY_BODY = YES;
				CLANG_WARN_ENUM_CONVERSION = YES;
				CLANG_WARN_INFINITE_RECURSION = YES;
				CLANG_WARN_INT_CONVERSION = YES;
				CLANG_WARN_NON_LITERAL_NULL_CONVERSION = YES;
				CLANG_WARN_OBJC_IMPLICIT_RETAIN_SELF = YES;
				CLANG_WARN_OBJC_LITERAL_CONVERSION = YES;
				CLANG_WARN_OBJC_ROOT_CLASS = YES_ERROR;
				CLANG_WARN_QUOTED_INCLUDE_IN_FRAMEWORK_HEADER = YES;
				CLANG_WARN_RANGE_LOOP_ANALYSIS = YES;
				CLANG_WARN_STRICT_PROTOTYPES = YES;
				CLANG_WARN_SUSPICIOUS_MOVE = YES;
				CLANG_WARN_UNGUARDED_AVAILABILITY = YES_AGGRESSIVE;
				CLANG_WARN_UNREACHABLE_CODE = YES;
				CLANG_WARN__DUPLICATE_METHOD_MATCH = YES;
				COPY_PHASE_STRIP = NO;
				DEBUG_INFORMATION_FORMAT = dwarf;
				ENABLE_STRICT_OBJC_MSGSEND = YES;
				ENABLE_TESTABILITY = YES;
				GCC_C_LANGUAGE_STANDARD = gnu11;
				GCC_DYNAMIC_NO_PIC = NO;
				GCC_NO_COMMON_BLOCKS = YES;
				GCC_OPTIMIZATION_LEVEL = 0;
				GCC_PREPROCESSOR_DEFINITIONS = (
					"DEBUG=1",
					"$(inherited)",
				);
				GCC_WARN_64_TO_32_BIT_CONVERSION = YES;
				GCC_WARN_ABOUT_RETURN_TYPE = YES_ERROR;
				GCC_WARN_UNDECLARED_SELECTOR = YES;
				GCC_WARN_UNINITIALIZED_AUTOS = YES_AGGRESSIVE;
				GCC_WARN_UNUSED_FUNCTION = YES;
				GCC_WARN_UNUSED_VARIABLE = YES;
				IPHONEOS_DEPLOYMENT_TARGET = 15.2;
				MTL_ENABLE_DEBUG_INFO = INCLUDE_SOURCE;
				MTL_FAST_MATH = YES;
				ONLY_ACTIVE_ARCH = YES;
				SDKROOT = iphoneos;
				SWIFT_ACTIVE_COMPILATION_CONDITIONS = DEBUG;
				SWIFT_OPTIMIZATION_LEVEL = "-Onone";
			};
			name = Debug;
		};
		AE3DCBDC27C9DE0000B2B865 /* Release */ = {
			isa = XCBuildConfiguration;
			buildSettings = {
				ALWAYS_SEARCH_USER_PATHS = NO;
				CLANG_ANALYZER_NONNULL = YES;
				CLANG_ANALYZER_NUMBER_OBJECT_CONVERSION = YES_AGGRESSIVE;
				CLANG_CXX_LANGUAGE_STANDARD = "gnu++17";
				CLANG_CXX_LIBRARY = "libc++";
				CLANG_ENABLE_MODULES = YES;
				CLANG_ENABLE_OBJC_ARC = YES;
				CLANG_ENABLE_OBJC_WEAK = YES;
				CLANG_WARN_BLOCK_CAPTURE_AUTORELEASING = YES;
				CLANG_WARN_BOOL_CONVERSION = YES;
				CLANG_WARN_COMMA = YES;
				CLANG_WARN_CONSTANT_CONVERSION = YES;
				CLANG_WARN_DEPRECATED_OBJC_IMPLEMENTATIONS = YES;
				CLANG_WARN_DIRECT_OBJC_ISA_USAGE = YES_ERROR;
				CLANG_WARN_DOCUMENTATION_COMMENTS = YES;
				CLANG_WARN_EMPTY_BODY = YES;
				CLANG_WARN_ENUM_CONVERSION = YES;
				CLANG_WARN_INFINITE_RECURSION = YES;
				CLANG_WARN_INT_CONVERSION = YES;
				CLANG_WARN_NON_LITERAL_NULL_CONVERSION = YES;
				CLANG_WARN_OBJC_IMPLICIT_RETAIN_SELF = YES;
				CLANG_WARN_OBJC_LITERAL_CONVERSION = YES;
				CLANG_WARN_OBJC_ROOT_CLASS = YES_ERROR;
				CLANG_WARN_QUOTED_INCLUDE_IN_FRAMEWORK_HEADER = YES;
				CLANG_WARN_RANGE_LOOP_ANALYSIS = YES;
				CLANG_WARN_STRICT_PROTOTYPES = YES;
				CLANG_WARN_SUSPICIOUS_MOVE = YES;
				CLANG_WARN_UNGUARDED_AVAILABILITY = YES_AGGRESSIVE;
				CLANG_WARN_UNREACHABLE_CODE = YES;
				CLANG_WARN__DUPLICATE_METHOD_MATCH = YES;
				COPY_PHASE_STRIP = NO;
				DEBUG_INFORMATION_FORMAT = "dwarf-with-dsym";
				ENABLE_NS_ASSERTIONS = NO;
				ENABLE_STRICT_OBJC_MSGSEND = YES;
				GCC_C_LANGUAGE_STANDARD = gnu11;
				GCC_NO_COMMON_BLOCKS = YES;
				GCC_WARN_64_TO_32_BIT_CONVERSION = YES;
				GCC_WARN_ABOUT_RETURN_TYPE = YES_ERROR;
				GCC_WARN_UNDECLARED_SELECTOR = YES;
				GCC_WARN_UNINITIALIZED_AUTOS = YES_AGGRESSIVE;
				GCC_WARN_UNUSED_FUNCTION = YES;
				GCC_WARN_UNUSED_VARIABLE = YES;
				IPHONEOS_DEPLOYMENT_TARGET = 15.2;
				MTL_ENABLE_DEBUG_INFO = NO;
				MTL_FAST_MATH = YES;
				SDKROOT = iphoneos;
				SWIFT_COMPILATION_MODE = wholemodule;
				SWIFT_OPTIMIZATION_LEVEL = "-O";
				VALIDATE_PRODUCT = YES;
			};
			name = Release;
		};
		AE3DCBDE27C9DE0000B2B865 /* Debug */ = {
			isa = XCBuildConfiguration;
			baseConfigurationReference = A120C9D0C05740937CAC2860 /* Pods-Flix.debug.xcconfig */;
			buildSettings = {
				ASSETCATALOG_COMPILER_APPICON_NAME = AppIcon;
				ASSETCATALOG_COMPILER_GLOBAL_ACCENT_COLOR_NAME = AccentColor;
				CODE_SIGN_STYLE = Automatic;
				CURRENT_PROJECT_VERSION = 1;
				DEVELOPMENT_TEAM = X7G34PUL2J;
				GENERATE_INFOPLIST_FILE = YES;
				INFOPLIST_FILE = Flix/Info.plist;
				INFOPLIST_KEY_UIApplicationSupportsIndirectInputEvents = YES;
				INFOPLIST_KEY_UILaunchStoryboardName = LaunchScreen;
				INFOPLIST_KEY_UIMainStoryboardFile = Main;
				INFOPLIST_KEY_UISupportedInterfaceOrientations_iPad = "UIInterfaceOrientationPortrait UIInterfaceOrientationPortraitUpsideDown UIInterfaceOrientationLandscapeLeft UIInterfaceOrientationLandscapeRight";
				INFOPLIST_KEY_UISupportedInterfaceOrientations_iPhone = "UIInterfaceOrientationPortrait UIInterfaceOrientationLandscapeLeft UIInterfaceOrientationLandscapeRight";
				LD_RUNPATH_SEARCH_PATHS = (
					"$(inherited)",
					"@executable_path/Frameworks",
				);
				MARKETING_VERSION = 1.0;
				PRODUCT_BUNDLE_IDENTIFIER = shivpvtel.Flix;
				PRODUCT_NAME = "$(TARGET_NAME)";
				SWIFT_EMIT_LOC_STRINGS = YES;
				SWIFT_VERSION = 5.0;
				TARGETED_DEVICE_FAMILY = "1,2";
			};
			name = Debug;
		};
		AE3DCBDF27C9DE0000B2B865 /* Release */ = {
			isa = XCBuildConfiguration;
			baseConfigurationReference = 8AB3A3B373D35197A2478282 /* Pods-Flix.release.xcconfig */;
			buildSettings = {
				ASSETCATALOG_COMPILER_APPICON_NAME = AppIcon;
				ASSETCATALOG_COMPILER_GLOBAL_ACCENT_COLOR_NAME = AccentColor;
				CODE_SIGN_STYLE = Automatic;
				CURRENT_PROJECT_VERSION = 1;
				DEVELOPMENT_TEAM = X7G34PUL2J;
				GENERATE_INFOPLIST_FILE = YES;
				INFOPLIST_FILE = Flix/Info.plist;
				INFOPLIST_KEY_UIApplicationSupportsIndirectInputEvents = YES;
				INFOPLIST_KEY_UILaunchStoryboardName = LaunchScreen;
				INFOPLIST_KEY_UIMainStoryboardFile = Main;
				INFOPLIST_KEY_UISupportedInterfaceOrientations_iPad = "UIInterfaceOrientationPortrait UIInterfaceOrientationPortraitUpsideDown UIInterfaceOrientationLandscapeLeft UIInterfaceOrientationLandscapeRight";
				INFOPLIST_KEY_UISupportedInterfaceOrientations_iPhone = "UIInterfaceOrientationPortrait UIInterfaceOrientationLandscapeLeft UIInterfaceOrientationLandscapeRight";
				LD_RUNPATH_SEARCH_PATHS = (
					"$(inherited)",
					"@executable_path/Frameworks",
				);
				MARKETING_VERSION = 1.0;
				PRODUCT_BUNDLE_IDENTIFIER = shivpvtel.Flix;
				PRODUCT_NAME = "$(TARGET_NAME)";
				SWIFT_EMIT_LOC_STRINGS = YES;
				SWIFT_VERSION = 5.0;
				TARGETED_DEVICE_FAMILY = "1,2";
			};
			name = Release;
		};
		AE3DCBE127C9DE0000B2B865 /* Debug */ = {
			isa = XCBuildConfiguration;
			baseConfigurationReference = 514192877206638F4CA973AE /* Pods-FlixTests.debug.xcconfig */;
			buildSettings = {
				ALWAYS_EMBED_SWIFT_STANDARD_LIBRARIES = YES;
				BUNDLE_LOADER = "$(TEST_HOST)";
				CODE_SIGN_STYLE = Automatic;
				CURRENT_PROJECT_VERSION = 1;
				DEVELOPMENT_TEAM = X7G34PUL2J;
				GENERATE_INFOPLIST_FILE = YES;
				IPHONEOS_DEPLOYMENT_TARGET = 15.2;
				MARKETING_VERSION = 1.0;
				PRODUCT_BUNDLE_IDENTIFIER = shivpvtel.FlixTests;
				PRODUCT_NAME = "$(TARGET_NAME)";
				SWIFT_EMIT_LOC_STRINGS = NO;
				SWIFT_VERSION = 5.0;
				TARGETED_DEVICE_FAMILY = "1,2";
				TEST_HOST = "$(BUILT_PRODUCTS_DIR)/Flix.app/Flix";
			};
			name = Debug;
		};
		AE3DCBE227C9DE0000B2B865 /* Release */ = {
			isa = XCBuildConfiguration;
			baseConfigurationReference = D3F64165CBF6886C917FCCBA /* Pods-FlixTests.release.xcconfig */;
			buildSettings = {
				ALWAYS_EMBED_SWIFT_STANDARD_LIBRARIES = YES;
				BUNDLE_LOADER = "$(TEST_HOST)";
				CODE_SIGN_STYLE = Automatic;
				CURRENT_PROJECT_VERSION = 1;
				DEVELOPMENT_TEAM = X7G34PUL2J;
				GENERATE_INFOPLIST_FILE = YES;
				IPHONEOS_DEPLOYMENT_TARGET = 15.2;
				MARKETING_VERSION = 1.0;
				PRODUCT_BUNDLE_IDENTIFIER = shivpvtel.FlixTests;
				PRODUCT_NAME = "$(TARGET_NAME)";
				SWIFT_EMIT_LOC_STRINGS = NO;
				SWIFT_VERSION = 5.0;
				TARGETED_DEVICE_FAMILY = "1,2";
				TEST_HOST = "$(BUILT_PRODUCTS_DIR)/Flix.app/Flix";
			};
			name = Release;
		};
		AE3DCBE427C9DE0000B2B865 /* Debug */ = {
			isa = XCBuildConfiguration;
			baseConfigurationReference = B4A81C5274181D97C59683D6 /* Pods-Flix-FlixUITests.debug.xcconfig */;
			buildSettings = {
				ALWAYS_EMBED_SWIFT_STANDARD_LIBRARIES = YES;
				CODE_SIGN_STYLE = Automatic;
				CURRENT_PROJECT_VERSION = 1;
				DEVELOPMENT_TEAM = X7G34PUL2J;
				GENERATE_INFOPLIST_FILE = YES;
				MARKETING_VERSION = 1.0;
				PRODUCT_BUNDLE_IDENTIFIER = shivpvtel.FlixUITests;
				PRODUCT_NAME = "$(TARGET_NAME)";
				SWIFT_EMIT_LOC_STRINGS = NO;
				SWIFT_VERSION = 5.0;
				TARGETED_DEVICE_FAMILY = "1,2";
				TEST_TARGET_NAME = Flix;
			};
			name = Debug;
		};
		AE3DCBE527C9DE0000B2B865 /* Release */ = {
			isa = XCBuildConfiguration;
			baseConfigurationReference = 76A8955F0E1E74CE1344C5B6 /* Pods-Flix-FlixUITests.release.xcconfig */;
			buildSettings = {
				ALWAYS_EMBED_SWIFT_STANDARD_LIBRARIES = YES;
				CODE_SIGN_STYLE = Automatic;
				CURRENT_PROJECT_VERSION = 1;
				DEVELOPMENT_TEAM = X7G34PUL2J;
				GENERATE_INFOPLIST_FILE = YES;
				MARKETING_VERSION = 1.0;
				PRODUCT_BUNDLE_IDENTIFIER = shivpvtel.FlixUITests;
				PRODUCT_NAME = "$(TARGET_NAME)";
				SWIFT_EMIT_LOC_STRINGS = NO;
				SWIFT_VERSION = 5.0;
				TARGETED_DEVICE_FAMILY = "1,2";
				TEST_TARGET_NAME = Flix;
			};
			name = Release;
		};
/* End XCBuildConfiguration section */

/* Begin XCConfigurationList section */
		AE3DCBAE27C9DDFE00B2B865 /* Build configuration list for PBXProject "Flix" */ = {
			isa = XCConfigurationList;
			buildConfigurations = (
				AE3DCBDB27C9DE0000B2B865 /* Debug */,
				AE3DCBDC27C9DE0000B2B865 /* Release */,
			);
			defaultConfigurationIsVisible = 0;
			defaultConfigurationName = Release;
		};
		AE3DCBDD27C9DE0000B2B865 /* Build configuration list for PBXNativeTarget "Flix" */ = {
			isa = XCConfigurationList;
			buildConfigurations = (
				AE3DCBDE27C9DE0000B2B865 /* Debug */,
				AE3DCBDF27C9DE0000B2B865 /* Release */,
			);
			defaultConfigurationIsVisible = 0;
			defaultConfigurationName = Release;
		};
		AE3DCBE027C9DE0000B2B865 /* Build configuration list for PBXNativeTarget "FlixTests" */ = {
			isa = XCConfigurationList;
			buildConfigurations = (
				AE3DCBE127C9DE0000B2B865 /* Debug */,
				AE3DCBE227C9DE0000B2B865 /* Release */,
			);
			defaultConfigurationIsVisible = 0;
			defaultConfigurationName = Release;
		};
		AE3DCBE327C9DE0000B2B865 /* Build configuration list for PBXNativeTarget "FlixUITests" */ = {
			isa = XCConfigurationList;
			buildConfigurations = (
				AE3DCBE427C9DE0000B2B865 /* Debug */,
				AE3DCBE527C9DE0000B2B865 /* Release */,
			);
			defaultConfigurationIsVisible = 0;
			defaultConfigurationName = Release;
		};
/* End XCConfigurationList section */

/* Begin XCRemoteSwiftPackageReference section */
		AE3DCBEA27C9FC9000B2B865 /* XCRemoteSwiftPackageReference "AlamofireImage" */ = {
			isa = XCRemoteSwiftPackageReference;
			repositoryURL = "https://github.com/Alamofire/AlamofireImage";
			requirement = {
				kind = upToNextMajorVersion;
				minimumVersion = 4.0.0;
			};
		};
/* End XCRemoteSwiftPackageReference section */

/* Begin XCSwiftPackageProductDependency section */
		AE3DCBEB27C9FC9000B2B865 /* AlamofireImage */ = {
			isa = XCSwiftPackageProductDependency;
			package = AE3DCBEA27C9FC9000B2B865 /* XCRemoteSwiftPackageReference "AlamofireImage" */;
			productName = AlamofireImage;
		};
/* End XCSwiftPackageProductDependency section */
	};
	rootObject = AE3DCBAB27C9DDFE00B2B865 /* Project object */;
}
